PODS:
  - Alamofire (3.4.1)
  - Answers (1.2.1):
    - Fabric (~> 1.6.3)
  - Fabric (1.6.7)

DEPENDENCIES:
  - Alamofire
  - Answers
  - Fabric

SPEC CHECKSUMS:
  Alamofire: 01a82e2f6c0f860ade35534c8dd88be61bdef40c
  Answers: 57ee6bcc9bd3c6710862065c9251365a2a404920
  Fabric: caf7580c725e64db144f610ac65cd60956911dc7

PODFILE CHECKSUM: 119901c546a6f7c3a4667876b1719531d8cf317c

COCOAPODS: 1.0.1
