// !$*UTF8*$!
{
	archiveVersion = 1;
	classes = {
	};
	objectVersion = 46;
	objects = {

/* Begin PBXBuildFile section */
		452CF11A1D7016BF00347D5F /* Storyboard5S.storyboard in Resources */ = {isa = PBXBuildFile; fileRef = 452CF1191D7016BF00347D5F /* Storyboard5S.storyboard */; };
		452CF11C1D70174D00347D5F /* Storyboard6Plus.storyboard in Resources */ = {isa = PBXBuildFile; fileRef = 452CF11B1D70174D00347D5F /* Storyboard6Plus.storyboard */; };
		452CF11E1D70177200347D5F /* Main.storyboard in Resources */ = {isa = PBXBuildFile; fileRef = 452CF11D1D70177200347D5F /* Main.storyboard */; };
		4532E7441D90ED0200509B23 /* final.json in Resources */ = {isa = PBXBuildFile; fileRef = 4532E7431D90ED0200509B23 /* final.json */; };
		4548E06E1D22E56700257BDC /* ShadeViewController.swift in Sources */ = {isa = PBXBuildFile; fileRef = 4548E06D1D22E56700257BDC /* ShadeViewController.swift */; };
		4548E0721D22E88C00257BDC /* SelectShadeViewController.swift in Sources */ = {isa = PBXBuildFile; fileRef = 4548E0711D22E88C00257BDC /* SelectShadeViewController.swift */; };
		4548E0741D22E97700257BDC /* SelectProductViewController.swift in Sources */ = {isa = PBXBuildFile; fileRef = 4548E0731D22E97700257BDC /* SelectProductViewController.swift */; };
		454C60FD1D1F5CDE0053B661 /* AppDelegate.swift in Sources */ = {isa = PBXBuildFile; fileRef = 454C60FC1D1F5CDE0053B661 /* AppDelegate.swift */; };
		454C61021D1F5CDE0053B661 /* Storyboard6.storyboard in Resources */ = {isa = PBXBuildFile; fileRef = 454C61001D1F5CDE0053B661 /* Storyboard6.storyboard */; };
		454C61041D1F5CDE0053B661 /* Assets.xcassets in Resources */ = {isa = PBXBuildFile; fileRef = 454C61031D1F5CDE0053B661 /* Assets.xcassets */; };
		454C61071D1F5CDE0053B661 /* LaunchScreen.storyboard in Resources */ = {isa = PBXBuildFile; fileRef = 454C61051D1F5CDE0053B661 /* LaunchScreen.storyboard */; };
		454C610F1D1FB09B0053B661 /* CollectionViewCell.swift in Sources */ = {isa = PBXBuildFile; fileRef = 454C610E1D1FB09B0053B661 /* CollectionViewCell.swift */; };
		454C61111D1FB0D80053B661 /* SpecificShadeViewController.swift in Sources */ = {isa = PBXBuildFile; fileRef = 454C61101D1FB0D80053B661 /* SpecificShadeViewController.swift */; };
		458DB9781D5BC6AE005A2104 /* MessageComposer.swift in Sources */ = {isa = PBXBuildFile; fileRef = 458DB9771D5BC6AE005A2104 /* MessageComposer.swift */; };
		4B69C63C1D9273D200012A56 /* NSData+ImageContentType.m in Sources */ = {isa = PBXBuildFile; fileRef = 4B69C6201D9273D200012A56 /* NSData+ImageContentType.m */; };
		4B69C63D1D9273D200012A56 /* SDImageCache.m in Sources */ = {isa = PBXBuildFile; fileRef = 4B69C6221D9273D200012A56 /* SDImageCache.m */; };
		4B69C63E1D9273D200012A56 /* SDWebImageCompat.m in Sources */ = {isa = PBXBuildFile; fileRef = 4B69C6241D9273D200012A56 /* SDWebImageCompat.m */; };
		4B69C63F1D9273D200012A56 /* SDWebImageDecoder.m in Sources */ = {isa = PBXBuildFile; fileRef = 4B69C6261D9273D200012A56 /* SDWebImageDecoder.m */; };
		4B69C6401D9273D200012A56 /* SDWebImageDownloader.m in Sources */ = {isa = PBXBuildFile; fileRef = 4B69C6281D9273D200012A56 /* SDWebImageDownloader.m */; };
		4B69C6411D9273D200012A56 /* SDWebImageDownloaderOperation.m in Sources */ = {isa = PBXBuildFile; fileRef = 4B69C62A1D9273D200012A56 /* SDWebImageDownloaderOperation.m */; };
		4B69C6421D9273D200012A56 /* SDWebImageManager.m in Sources */ = {isa = PBXBuildFile; fileRef = 4B69C62C1D9273D200012A56 /* SDWebImageManager.m */; };
		4B69C6431D9273D200012A56 /* SDWebImagePrefetcher.m in Sources */ = {isa = PBXBuildFile; fileRef = 4B69C62F1D9273D200012A56 /* SDWebImagePrefetcher.m */; };
		4B69C6441D9273D200012A56 /* UIButton+WebCache.m in Sources */ = {isa = PBXBuildFile; fileRef = 4B69C6311D9273D200012A56 /* UIButton+WebCache.m */; };
		4B69C6451D9273D200012A56 /* UIImage+GIF.m in Sources */ = {isa = PBXBuildFile; fileRef = 4B69C6331D9273D200012A56 /* UIImage+GIF.m */; };
		4B69C6461D9273D200012A56 /* UIImage+MultiFormat.m in Sources */ = {isa = PBXBuildFile; fileRef = 4B69C6351D9273D200012A56 /* UIImage+MultiFormat.m */; };
		4B69C6471D9273D200012A56 /* UIImageView+HighlightedWebCache.m in Sources */ = {isa = PBXBuildFile; fileRef = 4B69C6371D9273D200012A56 /* UIImageView+HighlightedWebCache.m */; };
		4B69C6481D9273D200012A56 /* UIImageView+WebCache.m in Sources */ = {isa = PBXBuildFile; fileRef = 4B69C6391D9273D200012A56 /* UIImageView+WebCache.m */; };
		4B69C6491D9273D200012A56 /* UIView+WebCacheOperation.m in Sources */ = {isa = PBXBuildFile; fileRef = 4B69C63B1D9273D200012A56 /* UIView+WebCacheOperation.m */; };
/* End PBXBuildFile section */

/* Begin PBXFileReference section */
		452CF1191D7016BF00347D5F /* Storyboard5S.storyboard */ = {isa = PBXFileReference; fileEncoding = 4; lastKnownFileType = file.storyboard; path = Storyboard5S.storyboard; sourceTree = "<group>"; };
		452CF11B1D70174D00347D5F /* Storyboard6Plus.storyboard */ = {isa = PBXFileReference; fileEncoding = 4; lastKnownFileType = file.storyboard; path = Storyboard6Plus.storyboard; sourceTree = "<group>"; };
		452CF11D1D70177200347D5F /* Main.storyboard */ = {isa = PBXFileReference; fileEncoding = 4; lastKnownFileType = file.storyboard; path = Main.storyboard; sourceTree = "<group>"; };
		4532E7431D90ED0200509B23 /* final.json */ = {isa = PBXFileReference; fileEncoding = 4; lastKnownFileType = text.json; path = final.json; sourceTree = "<group>"; };
		4548E06D1D22E56700257BDC /* ShadeViewController.swift */ = {isa = PBXFileReference; fileEncoding = 4; lastKnownFileType = sourcecode.swift; path = ShadeViewController.swift; sourceTree = "<group>"; };
		4548E0711D22E88C00257BDC /* SelectShadeViewController.swift */ = {isa = PBXFileReference; fileEncoding = 4; lastKnownFileType = sourcecode.swift; path = SelectShadeViewController.swift; sourceTree = "<group>"; };
		4548E0731D22E97700257BDC /* SelectProductViewController.swift */ = {isa = PBXFileReference; fileEncoding = 4; lastKnownFileType = sourcecode.swift; path = SelectProductViewController.swift; sourceTree = "<group>"; };
		454C60F91D1F5CDE0053B661 /* Lippi.app */ = {isa = PBXFileReference; explicitFileType = wrapper.application; includeInIndex = 0; path = Lippi.app; sourceTree = BUILT_PRODUCTS_DIR; };
		454C60FC1D1F5CDE0053B661 /* AppDelegate.swift */ = {isa = PBXFileReference; lastKnownFileType = sourcecode.swift; path = AppDelegate.swift; sourceTree = "<group>"; };
		454C61011D1F5CDE0053B661 /* Base */ = {isa = PBXFileReference; lastKnownFileType = file.storyboard; name = Base; path = Base.lproj/Storyboard6.storyboard; sourceTree = "<group>"; };
		454C61031D1F5CDE0053B661 /* Assets.xcassets */ = {isa = PBXFileReference; lastKnownFileType = folder.assetcatalog; path = Assets.xcassets; sourceTree = "<group>"; };
		454C61061D1F5CDE0053B661 /* Base */ = {isa = PBXFileReference; lastKnownFileType = file.storyboard; name = Base; path = Base.lproj/LaunchScreen.storyboard; sourceTree = "<group>"; };
		454C61081D1F5CDE0053B661 /* Info.plist */ = {isa = PBXFileReference; lastKnownFileType = text.plist.xml; path = Info.plist; sourceTree = "<group>"; };
		454C610E1D1FB09B0053B661 /* CollectionViewCell.swift */ = {isa = PBXFileReference; fileEncoding = 4; lastKnownFileType = sourcecode.swift; path = CollectionViewCell.swift; sourceTree = "<group>"; };
		454C61101D1FB0D80053B661 /* SpecificShadeViewController.swift */ = {isa = PBXFileReference; fileEncoding = 4; lastKnownFileType = sourcecode.swift; path = SpecificShadeViewController.swift; sourceTree = "<group>"; };
		458DB9771D5BC6AE005A2104 /* MessageComposer.swift */ = {isa = PBXFileReference; fileEncoding = 4; lastKnownFileType = sourcecode.swift; path = MessageComposer.swift; sourceTree = "<group>"; };
		4B69C61F1D9273D200012A56 /* NSData+ImageContentType.h */ = {isa = PBXFileReference; fileEncoding = 4; lastKnownFileType = sourcecode.c.h; path = "NSData+ImageContentType.h"; sourceTree = "<group>"; };
		4B69C6201D9273D200012A56 /* NSData+ImageContentType.m */ = {isa = PBXFileReference; fileEncoding = 4; lastKnownFileType = sourcecode.c.objc; path = "NSData+ImageContentType.m"; sourceTree = "<group>"; };
		4B69C6211D9273D200012A56 /* SDImageCache.h */ = {isa = PBXFileReference; fileEncoding = 4; lastKnownFileType = sourcecode.c.h; path = SDImageCache.h; sourceTree = "<group>"; };
		4B69C6221D9273D200012A56 /* SDImageCache.m */ = {isa = PBXFileReference; fileEncoding = 4; lastKnownFileType = sourcecode.c.objc; path = SDImageCache.m; sourceTree = "<group>"; };
		4B69C6231D9273D200012A56 /* SDWebImageCompat.h */ = {isa = PBXFileReference; fileEncoding = 4; lastKnownFileType = sourcecode.c.h; path = SDWebImageCompat.h; sourceTree = "<group>"; };
		4B69C6241D9273D200012A56 /* SDWebImageCompat.m */ = {isa = PBXFileReference; fileEncoding = 4; lastKnownFileType = sourcecode.c.objc; path = SDWebImageCompat.m; sourceTree = "<group>"; };
		4B69C6251D9273D200012A56 /* SDWebImageDecoder.h */ = {isa = PBXFileReference; fileEncoding = 4; lastKnownFileType = sourcecode.c.h; path = SDWebImageDecoder.h; sourceTree = "<group>"; };
		4B69C6261D9273D200012A56 /* SDWebImageDecoder.m */ = {isa = PBXFileReference; fileEncoding = 4; lastKnownFileType = sourcecode.c.objc; path = SDWebImageDecoder.m; sourceTree = "<group>"; };
		4B69C6271D9273D200012A56 /* SDWebImageDownloader.h */ = {isa = PBXFileReference; fileEncoding = 4; lastKnownFileType = sourcecode.c.h; path = SDWebImageDownloader.h; sourceTree = "<group>"; };
		4B69C6281D9273D200012A56 /* SDWebImageDownloader.m */ = {isa = PBXFileReference; fileEncoding = 4; lastKnownFileType = sourcecode.c.objc; path = SDWebImageDownloader.m; sourceTree = "<group>"; };
		4B69C6291D9273D200012A56 /* SDWebImageDownloaderOperation.h */ = {isa = PBXFileReference; fileEncoding = 4; lastKnownFileType = sourcecode.c.h; path = SDWebImageDownloaderOperation.h; sourceTree = "<group>"; };
		4B69C62A1D9273D200012A56 /* SDWebImageDownloaderOperation.m */ = {isa = PBXFileReference; fileEncoding = 4; lastKnownFileType = sourcecode.c.objc; path = SDWebImageDownloaderOperation.m; sourceTree = "<group>"; };
		4B69C62B1D9273D200012A56 /* SDWebImageManager.h */ = {isa = PBXFileReference; fileEncoding = 4; lastKnownFileType = sourcecode.c.h; path = SDWebImageManager.h; sourceTree = "<group>"; };
		4B69C62C1D9273D200012A56 /* SDWebImageManager.m */ = {isa = PBXFileReference; fileEncoding = 4; lastKnownFileType = sourcecode.c.objc; path = SDWebImageManager.m; sourceTree = "<group>"; };
		4B69C62D1D9273D200012A56 /* SDWebImageOperation.h */ = {isa = PBXFileReference; fileEncoding = 4; lastKnownFileType = sourcecode.c.h; path = SDWebImageOperation.h; sourceTree = "<group>"; };
		4B69C62E1D9273D200012A56 /* SDWebImagePrefetcher.h */ = {isa = PBXFileReference; fileEncoding = 4; lastKnownFileType = sourcecode.c.h; path = SDWebImagePrefetcher.h; sourceTree = "<group>"; };
		4B69C62F1D9273D200012A56 /* SDWebImagePrefetcher.m */ = {isa = PBXFileReference; fileEncoding = 4; lastKnownFileType = sourcecode.c.objc; path = SDWebImagePrefetcher.m; sourceTree = "<group>"; };
		4B69C6301D9273D200012A56 /* UIButton+WebCache.h */ = {isa = PBXFileReference; fileEncoding = 4; lastKnownFileType = sourcecode.c.h; path = "UIButton+WebCache.h"; sourceTree = "<group>"; };
		4B69C6311D9273D200012A56 /* UIButton+WebCache.m */ = {isa = PBXFileReference; fileEncoding = 4; lastKnownFileType = sourcecode.c.objc; path = "UIButton+WebCache.m"; sourceTree = "<group>"; };
		4B69C6321D9273D200012A56 /* UIImage+GIF.h */ = {isa = PBXFileReference; fileEncoding = 4; lastKnownFileType = sourcecode.c.h; path = "UIImage+GIF.h"; sourceTree = "<group>"; };
		4B69C6331D9273D200012A56 /* UIImage+GIF.m */ = {isa = PBXFileReference; fileEncoding = 4; lastKnownFileType = sourcecode.c.objc; path = "UIImage+GIF.m"; sourceTree = "<group>"; };
		4B69C6341D9273D200012A56 /* UIImage+MultiFormat.h */ = {isa = PBXFileReference; fileEncoding = 4; lastKnownFileType = sourcecode.c.h; path = "UIImage+MultiFormat.h"; sourceTree = "<group>"; };
		4B69C6351D9273D200012A56 /* UIImage+MultiFormat.m */ = {isa = PBXFileReference; fileEncoding = 4; lastKnownFileType = sourcecode.c.objc; path = "UIImage+MultiFormat.m"; sourceTree = "<group>"; };
		4B69C6361D9273D200012A56 /* UIImageView+HighlightedWebCache.h */ = {isa = PBXFileReference; fileEncoding = 4; lastKnownFileType = sourcecode.c.h; path = "UIImageView+HighlightedWebCache.h"; sourceTree = "<group>"; };
		4B69C6371D9273D200012A56 /* UIImageView+HighlightedWebCache.m */ = {isa = PBXFileReference; fileEncoding = 4; lastKnownFileType = sourcecode.c.objc; path = "UIImageView+HighlightedWebCache.m"; sourceTree = "<group>"; };
		4B69C6381D9273D200012A56 /* UIImageView+WebCache.h */ = {isa = PBXFileReference; fileEncoding = 4; lastKnownFileType = sourcecode.c.h; path = "UIImageView+WebCache.h"; sourceTree = "<group>"; };
		4B69C6391D9273D200012A56 /* UIImageView+WebCache.m */ = {isa = PBXFileReference; fileEncoding = 4; lastKnownFileType = sourcecode.c.objc; path = "UIImageView+WebCache.m"; sourceTree = "<group>"; };
		4B69C63A1D9273D200012A56 /* UIView+WebCacheOperation.h */ = {isa = PBXFileReference; fileEncoding = 4; lastKnownFileType = sourcecode.c.h; path = "UIView+WebCacheOperation.h"; sourceTree = "<group>"; };
		4B69C63B1D9273D200012A56 /* UIView+WebCacheOperation.m */ = {isa = PBXFileReference; fileEncoding = 4; lastKnownFileType = sourcecode.c.objc; path = "UIView+WebCacheOperation.m"; sourceTree = "<group>"; };
		4B69C64A1D92752F00012A56 /* Lippi-Bridging-Header.h */ = {isa = PBXFileReference; lastKnownFileType = sourcecode.c.h; path = "Lippi-Bridging-Header.h"; sourceTree = "<group>"; };
/* End PBXFileReference section */

/* Begin PBXFrameworksBuildPhase section */
		454C60F61D1F5CDE0053B661 /* Frameworks */ = {
			isa = PBXFrameworksBuildPhase;
			buildActionMask = 2147483647;
			files = (
			);
			runOnlyForDeploymentPostprocessing = 0;
		};
/* End PBXFrameworksBuildPhase section */

/* Begin PBXGroup section */
		452CF11F1D70192100347D5F /* Storyboards */ = {
			isa = PBXGroup;
			children = (
				452CF1191D7016BF00347D5F /* Storyboard5S.storyboard */,
				454C61001D1F5CDE0053B661 /* Storyboard6.storyboard */,
				452CF11B1D70174D00347D5F /* Storyboard6Plus.storyboard */,
				452CF11D1D70177200347D5F /* Main.storyboard */,
				458DB9791D5BE865005A2104 /* View Controllers */,
			);
			name = Storyboards;
			sourceTree = "<group>";
		};
		454C60F01D1F5CDE0053B661 = {
			isa = PBXGroup;
			children = (
				4B69C64A1D92752F00012A56 /* Lippi-Bridging-Header.h */,
				454C60FB1D1F5CDE0053B661 /* Lippi */,
				454C60FA1D1F5CDE0053B661 /* Products */,
			);
			sourceTree = "<group>";
		};
		454C60FA1D1F5CDE0053B661 /* Products */ = {
			isa = PBXGroup;
			children = (
				454C60F91D1F5CDE0053B661 /* Lippi.app */,
			);
			name = Products;
			sourceTree = "<group>";
		};
		454C60FB1D1F5CDE0053B661 /* Lippi */ = {
			isa = PBXGroup;
			children = (
				454C60FC1D1F5CDE0053B661 /* AppDelegate.swift */,
				452CF11F1D70192100347D5F /* Storyboards */,
				4B69C61D1D9273C500012A56 /* OtherClasses */,
				454C61031D1F5CDE0053B661 /* Assets.xcassets */,
				454C61051D1F5CDE0053B661 /* LaunchScreen.storyboard */,
				454C61081D1F5CDE0053B661 /* Info.plist */,
			);
			name = Lippi;
			path = makeupselector;
			sourceTree = "<group>";
		};
		458DB9791D5BE865005A2104 /* View Controllers */ = {
			isa = PBXGroup;
			children = (
				4548E0731D22E97700257BDC /* SelectProductViewController.swift */,
				458DB97C1D5BE9DF005A2104 /* Select Shade View Controller */,
				458DB97A1D5BE97A005A2104 /* Shade View Controller */,
				458DB97B1D5BE9BE005A2104 /* Specific Shade View Controller */,
			);
			name = "View Controllers";
			sourceTree = "<group>";
		};
		458DB97A1D5BE97A005A2104 /* Shade View Controller */ = {
			isa = PBXGroup;
			children = (
				4548E06D1D22E56700257BDC /* ShadeViewController.swift */,
				454C610E1D1FB09B0053B661 /* CollectionViewCell.swift */,
			);
			name = "Shade View Controller";
			sourceTree = "<group>";
		};
		458DB97B1D5BE9BE005A2104 /* Specific Shade View Controller */ = {
			isa = PBXGroup;
			children = (
				454C61101D1FB0D80053B661 /* SpecificShadeViewController.swift */,
				4532E7431D90ED0200509B23 /* final.json */,
			);
			name = "Specific Shade View Controller";
			sourceTree = "<group>";
		};
		458DB97C1D5BE9DF005A2104 /* Select Shade View Controller */ = {
			isa = PBXGroup;
			children = (
				4548E0711D22E88C00257BDC /* SelectShadeViewController.swift */,
				458DB9771D5BC6AE005A2104 /* MessageComposer.swift */,
			);
			name = "Select Shade View Controller";
			sourceTree = "<group>";
		};
		4B69C61D1D9273C500012A56 /* OtherClasses */ = {
			isa = PBXGroup;
			children = (
				4B69C61E1D9273D200012A56 /* SDWebImage */,
			);
			path = OtherClasses;
			sourceTree = "<group>";
		};
		4B69C61E1D9273D200012A56 /* SDWebImage */ = {
			isa = PBXGroup;
			children = (
				4B69C61F1D9273D200012A56 /* NSData+ImageContentType.h */,
				4B69C6201D9273D200012A56 /* NSData+ImageContentType.m */,
				4B69C6211D9273D200012A56 /* SDImageCache.h */,
				4B69C6221D9273D200012A56 /* SDImageCache.m */,
				4B69C6231D9273D200012A56 /* SDWebImageCompat.h */,
				4B69C6241D9273D200012A56 /* SDWebImageCompat.m */,
				4B69C6251D9273D200012A56 /* SDWebImageDecoder.h */,
				4B69C6261D9273D200012A56 /* SDWebImageDecoder.m */,
				4B69C6271D9273D200012A56 /* SDWebImageDownloader.h */,
				4B69C6281D9273D200012A56 /* SDWebImageDownloader.m */,
				4B69C6291D9273D200012A56 /* SDWebImageDownloaderOperation.h */,
				4B69C62A1D9273D200012A56 /* SDWebImageDownloaderOperation.m */,
				4B69C62B1D9273D200012A56 /* SDWebImageManager.h */,
				4B69C62C1D9273D200012A56 /* SDWebImageManager.m */,
				4B69C62D1D9273D200012A56 /* SDWebImageOperation.h */,
				4B69C62E1D9273D200012A56 /* SDWebImagePrefetcher.h */,
				4B69C62F1D9273D200012A56 /* SDWebImagePrefetcher.m */,
				4B69C6301D9273D200012A56 /* UIButton+WebCache.h */,
				4B69C6311D9273D200012A56 /* UIButton+WebCache.m */,
				4B69C6321D9273D200012A56 /* UIImage+GIF.h */,
				4B69C6331D9273D200012A56 /* UIImage+GIF.m */,
				4B69C6341D9273D200012A56 /* UIImage+MultiFormat.h */,
				4B69C6351D9273D200012A56 /* UIImage+MultiFormat.m */,
				4B69C6361D9273D200012A56 /* UIImageView+HighlightedWebCache.h */,
				4B69C6371D9273D200012A56 /* UIImageView+HighlightedWebCache.m */,
				4B69C6381D9273D200012A56 /* UIImageView+WebCache.h */,
				4B69C6391D9273D200012A56 /* UIImageView+WebCache.m */,
				4B69C63A1D9273D200012A56 /* UIView+WebCacheOperation.h */,
				4B69C63B1D9273D200012A56 /* UIView+WebCacheOperation.m */,
			);
			path = SDWebImage;
			sourceTree = "<group>";
		};
/* End PBXGroup section */

/* Begin PBXNativeTarget section */
		454C60F81D1F5CDE0053B661 /* Lippi */ = {
			isa = PBXNativeTarget;
			buildConfigurationList = 454C610B1D1F5CDE0053B661 /* Build configuration list for PBXNativeTarget "Lippi" */;
			buildPhases = (
				454C60F51D1F5CDE0053B661 /* Sources */,
				454C60F61D1F5CDE0053B661 /* Frameworks */,
				454C60F71D1F5CDE0053B661 /* Resources */,
			);
			buildRules = (
			);
			dependencies = (
			);
			name = Lippi;
			productName = makeupselector;
			productReference = 454C60F91D1F5CDE0053B661 /* Lippi.app */;
			productType = "com.apple.product-type.application";
		};
/* End PBXNativeTarget section */

/* Begin PBXProject section */
		454C60F11D1F5CDE0053B661 /* Project object */ = {
			isa = PBXProject;
			attributes = {
				LastSwiftUpdateCheck = 0730;
				LastUpgradeCheck = 0800;
				ORGANIZATIONNAME = Olivia;
				TargetAttributes = {
					454C60F81D1F5CDE0053B661 = {
						CreatedOnToolsVersion = 7.3;
						DevelopmentTeam = 8GEKYYW3CQ;
						LastSwiftMigration = 0800;
					};
				};
			};
			buildConfigurationList = 454C60F41D1F5CDE0053B661 /* Build configuration list for PBXProject "Lippi" */;
			compatibilityVersion = "Xcode 3.2";
			developmentRegion = English;
			hasScannedForEncodings = 0;
			knownRegions = (
				en,
				Base,
			);
			mainGroup = 454C60F01D1F5CDE0053B661;
			productRefGroup = 454C60FA1D1F5CDE0053B661 /* Products */;
			projectDirPath = "";
			projectRoot = "";
			targets = (
				454C60F81D1F5CDE0053B661 /* Lippi */,
			);
		};
/* End PBXProject section */

/* Begin PBXResourcesBuildPhase section */
		454C60F71D1F5CDE0053B661 /* Resources */ = {
			isa = PBXResourcesBuildPhase;
			buildActionMask = 2147483647;
			files = (
				452CF11A1D7016BF00347D5F /* Storyboard5S.storyboard in Resources */,
				452CF11C1D70174D00347D5F /* Storyboard6Plus.storyboard in Resources */,
				454C61071D1F5CDE0053B661 /* LaunchScreen.storyboard in Resources */,
				4532E7441D90ED0200509B23 /* final.json in Resources */,
				454C61041D1F5CDE0053B661 /* Assets.xcassets in Resources */,
				454C61021D1F5CDE0053B661 /* Storyboard6.storyboard in Resources */,
				452CF11E1D70177200347D5F /* Main.storyboard in Resources */,
			);
			runOnlyForDeploymentPostprocessing = 0;
		};
/* End PBXResourcesBuildPhase section */

/* Begin PBXSourcesBuildPhase section */
		454C60F51D1F5CDE0053B661 /* Sources */ = {
			isa = PBXSourcesBuildPhase;
			buildActionMask = 2147483647;
			files = (
				4B69C6451D9273D200012A56 /* UIImage+GIF.m in Sources */,
				4B69C63E1D9273D200012A56 /* SDWebImageCompat.m in Sources */,
				4B69C6441D9273D200012A56 /* UIButton+WebCache.m in Sources */,
				4B69C6461D9273D200012A56 /* UIImage+MultiFormat.m in Sources */,
				4B69C6491D9273D200012A56 /* UIView+WebCacheOperation.m in Sources */,
				4B69C6431D9273D200012A56 /* SDWebImagePrefetcher.m in Sources */,
				4548E06E1D22E56700257BDC /* ShadeViewController.swift in Sources */,
				4548E0721D22E88C00257BDC /* SelectShadeViewController.swift in Sources */,
				4B69C6411D9273D200012A56 /* SDWebImageDownloaderOperation.m in Sources */,
				4B69C63F1D9273D200012A56 /* SDWebImageDecoder.m in Sources */,
				454C60FD1D1F5CDE0053B661 /* AppDelegate.swift in Sources */,
				4B69C6481D9273D200012A56 /* UIImageView+WebCache.m in Sources */,
				4B69C63C1D9273D200012A56 /* NSData+ImageContentType.m in Sources */,
				4B69C6401D9273D200012A56 /* SDWebImageDownloader.m in Sources */,
				454C610F1D1FB09B0053B661 /* CollectionViewCell.swift in Sources */,
				458DB9781D5BC6AE005A2104 /* MessageComposer.swift in Sources */,
				4548E0741D22E97700257BDC /* SelectProductViewController.swift in Sources */,
				4B69C6421D9273D200012A56 /* SDWebImageManager.m in Sources */,
				454C61111D1FB0D80053B661 /* SpecificShadeViewController.swift in Sources */,
				4B69C6471D9273D200012A56 /* UIImageView+HighlightedWebCache.m in Sources */,
				4B69C63D1D9273D200012A56 /* SDImageCache.m in Sources */,
			);
			runOnlyForDeploymentPostprocessing = 0;
		};
/* End PBXSourcesBuildPhase section */

/* Begin PBXVariantGroup section */
		454C61001D1F5CDE0053B661 /* Storyboard6.storyboard */ = {
			isa = PBXVariantGroup;
			children = (
				454C61011D1F5CDE0053B661 /* Base */,
			);
			name = Storyboard6.storyboard;
			sourceTree = "<group>";
		};
		454C61051D1F5CDE0053B661 /* LaunchScreen.storyboard */ = {
			isa = PBXVariantGroup;
			children = (
				454C61061D1F5CDE0053B661 /* Base */,
			);
			name = LaunchScreen.storyboard;
			sourceTree = "<group>";
		};
/* End PBXVariantGroup section */

/* Begin XCBuildConfiguration section */
		454C61091D1F5CDE0053B661 /* Debug */ = {
			isa = XCBuildConfiguration;
			buildSettings = {
				ALWAYS_SEARCH_USER_PATHS = NO;
				CLANG_ANALYZER_NONNULL = YES;
				CLANG_CXX_LANGUAGE_STANDARD = "gnu++0x";
				CLANG_CXX_LIBRARY = "libc++";
				CLANG_ENABLE_MODULES = YES;
				CLANG_ENABLE_OBJC_ARC = YES;
				CLANG_WARN_BOOL_CONVERSION = YES;
				CLANG_WARN_CONSTANT_CONVERSION = YES;
				CLANG_WARN_DIRECT_OBJC_ISA_USAGE = YES_ERROR;
				CLANG_WARN_EMPTY_BODY = YES;
				CLANG_WARN_ENUM_CONVERSION = YES;
				CLANG_WARN_INFINITE_RECURSION = YES;
				CLANG_WARN_INT_CONVERSION = YES;
				CLANG_WARN_OBJC_ROOT_CLASS = YES_ERROR;
				CLANG_WARN_SUSPICIOUS_MOVE = YES;
				CLANG_WARN_UNREACHABLE_CODE = YES;
				CLANG_WARN__DUPLICATE_METHOD_MATCH = YES;
				"CODE_SIGN_IDENTITY[sdk=iphoneos*]" = "iPhone Developer";
				COPY_PHASE_STRIP = NO;
				DEBUG_INFORMATION_FORMAT = dwarf;
				ENABLE_STRICT_OBJC_MSGSEND = YES;
				ENABLE_TESTABILITY = YES;
				GCC_C_LANGUAGE_STANDARD = gnu99;
				GCC_DYNAMIC_NO_PIC = NO;
				GCC_NO_COMMON_BLOCKS = YES;
				GCC_OPTIMIZATION_LEVEL = 0;
				GCC_PREPROCESSOR_DEFINITIONS = (
					"DEBUG=1",
					"$(inherited)",
				);
				GCC_WARN_64_TO_32_BIT_CONVERSION = YES;
				GCC_WARN_ABOUT_RETURN_TYPE = YES_ERROR;
				GCC_WARN_UNDECLARED_SELECTOR = YES;
				GCC_WARN_UNINITIALIZED_AUTOS = YES_AGGRESSIVE;
				GCC_WARN_UNUSED_FUNCTION = YES;
				GCC_WARN_UNUSED_VARIABLE = YES;
				IPHONEOS_DEPLOYMENT_TARGET = 9.3;
				MTL_ENABLE_DEBUG_INFO = YES;
				ONLY_ACTIVE_ARCH = YES;
				SDKROOT = iphoneos;
				SWIFT_OPTIMIZATION_LEVEL = "-Onone";
			};
			name = Debug;
		};
		454C610A1D1F5CDE0053B661 /* Release */ = {
			isa = XCBuildConfiguration;
			buildSettings = {
				ALWAYS_SEARCH_USER_PATHS = NO;
				CLANG_ANALYZER_NONNULL = YES;
				CLANG_CXX_LANGUAGE_STANDARD = "gnu++0x";
				CLANG_CXX_LIBRARY = "libc++";
				CLANG_ENABLE_MODULES = YES;
				CLANG_ENABLE_OBJC_ARC = YES;
				CLANG_WARN_BOOL_CONVERSION = YES;
				CLANG_WARN_CONSTANT_CONVERSION = YES;
				CLANG_WARN_DIRECT_OBJC_ISA_USAGE = YES_ERROR;
				CLANG_WARN_EMPTY_BODY = YES;
				CLANG_WARN_ENUM_CONVERSION = YES;
				CLANG_WARN_INFINITE_RECURSION = YES;
				CLANG_WARN_INT_CONVERSION = YES;
				CLANG_WARN_OBJC_ROOT_CLASS = YES_ERROR;
				CLANG_WARN_SUSPICIOUS_MOVE = YES;
				CLANG_WARN_UNREACHABLE_CODE = YES;
				CLANG_WARN__DUPLICATE_METHOD_MATCH = YES;
				"CODE_SIGN_IDENTITY[sdk=iphoneos*]" = "iPhone Developer";
				COPY_PHASE_STRIP = NO;
				DEBUG_INFORMATION_FORMAT = "dwarf-with-dsym";
				ENABLE_NS_ASSERTIONS = NO;
				ENABLE_STRICT_OBJC_MSGSEND = YES;
				GCC_C_LANGUAGE_STANDARD = gnu99;
				GCC_NO_COMMON_BLOCKS = YES;
				GCC_WARN_64_TO_32_BIT_CONVERSION = YES;
				GCC_WARN_ABOUT_RETURN_TYPE = YES_ERROR;
				GCC_WARN_UNDECLARED_SELECTOR = YES;
				GCC_WARN_UNINITIALIZED_AUTOS = YES_AGGRESSIVE;
				GCC_WARN_UNUSED_FUNCTION = YES;
				GCC_WARN_UNUSED_VARIABLE = YES;
				IPHONEOS_DEPLOYMENT_TARGET = 9.3;
				MTL_ENABLE_DEBUG_INFO = NO;
				SDKROOT = iphoneos;
				SWIFT_OPTIMIZATION_LEVEL = "-Owholemodule";
				VALIDATE_PRODUCT = YES;
			};
			name = Release;
		};
		454C610C1D1F5CDE0053B661 /* Debug */ = {
			isa = XCBuildConfiguration;
			buildSettings = {
				ALWAYS_EMBED_SWIFT_STANDARD_LIBRARIES = YES;
				ASSETCATALOG_COMPILER_APPICON_NAME = AppIcon;
				CODE_SIGN_IDENTITY = "iPhone Developer";
				"CODE_SIGN_IDENTITY[sdk=iphoneos*]" = "iPhone Developer";
				INFOPLIST_FILE = makeupselector/Info.plist;
				IPHONEOS_DEPLOYMENT_TARGET = 8.0;
				LD_RUNPATH_SEARCH_PATHS = "$(inherited) @executable_path/Frameworks";
				PRODUCT_BUNDLE_IDENTIFIER = com.okitsolivia.makeupselector;
				PRODUCT_NAME = Lippi;
				PROVISIONING_PROFILE = "";
				SWIFT_OBJC_BRIDGING_HEADER = "Lippi-Bridging-Header.h";
				SWIFT_VERSION = 3.0;
				TARGETED_DEVICE_FAMILY = "1,2";
			};
			name = Debug;
		};
		454C610D1D1F5CDE0053B661 /* Release */ = {
			isa = XCBuildConfiguration;
			buildSettings = {
				ALWAYS_EMBED_SWIFT_STANDARD_LIBRARIES = YES;
				ASSETCATALOG_COMPILER_APPICON_NAME = AppIcon;
				CODE_SIGN_IDENTITY = "iPhone Developer";
				"CODE_SIGN_IDENTITY[sdk=iphoneos*]" = "iPhone Developer";
				INFOPLIST_FILE = makeupselector/Info.plist;
				IPHONEOS_DEPLOYMENT_TARGET = 8.0;
				LD_RUNPATH_SEARCH_PATHS = "$(inherited) @executable_path/Frameworks";
				PRODUCT_BUNDLE_IDENTIFIER = com.okitsolivia.makeupselector;
				PRODUCT_NAME = Lippi;
				PROVISIONING_PROFILE = "";
				SWIFT_OBJC_BRIDGING_HEADER = "Lippi-Bridging-Header.h";
				SWIFT_VERSION = 3.0;
				TARGETED_DEVICE_FAMILY = "1,2";
			};
			name = Release;
		};
/* End XCBuildConfiguration section */

/* Begin XCConfigurationList section */
		454C60F41D1F5CDE0053B661 /* Build configuration list for PBXProject "Lippi" */ = {
			isa = XCConfigurationList;
			buildConfigurations = (
				454C61091D1F5CDE0053B661 /* Debug */,
				454C610A1D1F5CDE0053B661 /* Release */,
			);
			defaultConfigurationIsVisible = 0;
			defaultConfigurationName = Release;
		};
		454C610B1D1F5CDE0053B661 /* Build configuration list for PBXNativeTarget "Lippi" */ = {
			isa = XCConfigurationList;
			buildConfigurations = (
				454C610C1D1F5CDE0053B661 /* Debug */,
				454C610D1D1F5CDE0053B661 /* Release */,
			);
			defaultConfigurationIsVisible = 0;
			defaultConfigurationName = Release;
		};
/* End XCConfigurationList section */
	};
	rootObject = 454C60F11D1F5CDE0053B661 /* Project object */;
}
